
Microsoft Visual Studio Solution File, Format Version 12.00
# Visual Studio Version 17
VisualStudioVersion = 17.10.35122.118
MinimumVisualStudioVersion = 10.0.40219.1
Project("{FAE04EC0-301F-11D3-BF4B-00C04F79EFBC}") = "ClassLibrary1", "ClassLibrary1\ClassLibrary1.csproj", "{98ABEF22-A490-4A09-8037-11BB4CCB7E67}"
EndProject
Project("{FAE04EC0-301F-11D3-BF4B-00C04F79EFBC}") = "TestProject2", "TestProject2\TestProject2.csproj", "{23B5A60A-5F11-4F87-8E75-1E3373F4D32F}"
EndProject
Global
	GlobalSection(SolutionConfigurationPlatforms) = preSolution
		Debug|Any CPU = Debug|Any CPU
		Release|Any CPU = Release|Any CPU
	EndGlobalSection
	GlobalSection(ProjectConfigurationPlatforms) = postSolution
		{98ABEF22-A490-4A09-8037-11BB4CCB7E67}.Debug|Any CPU.ActiveCfg = Debug|Any CPU
		{98ABEF22-A490-4A09-8037-11BB4CCB7E67}.Debug|Any CPU.Build.0 = Debug|Any CPU
		{98ABEF22-A490-4A09-8037-11BB4CCB7E67}.Release|Any CPU.ActiveCfg = Release|Any CPU
		{98ABEF22-A490-4A09-8037-11BB4CCB7E67}.Release|Any CPU.Build.0 = Release|Any CPU
		{23B5A60A-5F11-4F87-8E75-1E3373F4D32F}.Debug|Any CPU.ActiveCfg = Debug|Any CPU
		{23B5A60A-5F11-4F87-8E75-1E3373F4D32F}.Debug|Any CPU.Build.0 = Debug|Any CPU
		{23B5A60A-5F11-4F87-8E75-1E3373F4D32F}.Release|Any CPU.ActiveCfg = Release|Any CPU
		{23B5A60A-5F11-4F87-8E75-1E3373F4D32F}.Release|Any CPU.Build.0 = Release|Any CPU
	EndGlobalSection
	GlobalSection(SolutionProperties) = preSolution
		HideSolutionNode = FALSE
	EndGlobalSection
	GlobalSection(ExtensibilityGlobals) = postSolution
		SolutionGuid = {0F8656FB-094A-4257-803E-9C408DC51825}
	EndGlobalSection
EndGlobal
